
Microsoft Visual Studio Solution File, Format Version 12.00
# Visual Studio Version 16
VisualStudioVersion = 16.0.30320.27
MinimumVisualStudioVersion = 10.0.40219.1
Project("{FAE04EC0-301F-11D3-BF4B-00C04F79EFBC}") = "Bloompedia", "Bloompedia\Bloompedia.csproj", "{01665E90-4DC3-443D-9A09-FA554414EE42}"
EndProject
Global
	GlobalSection(SolutionConfigurationPlatforms) = preSolution
		Debug|Any CPU = Debug|Any CPU
		Release|Any CPU = Release|Any CPU
	EndGlobalSection
	GlobalSection(ProjectConfigurationPlatforms) = postSolution
		{01665E90-4DC3-443D-9A09-FA554414EE42}.Debug|Any CPU.ActiveCfg = Debug|Any CPU
		{01665E90-4DC3-443D-9A09-FA554414EE42}.Debug|Any CPU.Build.0 = Debug|Any CPU
		{01665E90-4DC3-443D-9A09-FA554414EE42}.Release|Any CPU.ActiveCfg = Release|Any CPU
		{01665E90-4DC3-443D-9A09-FA554414EE42}.Release|Any CPU.Build.0 = Release|Any CPU
	EndGlobalSection
	GlobalSection(SolutionProperties) = preSolution
		HideSolutionNode = FALSE
	EndGlobalSection
	GlobalSection(ExtensibilityGlobals) = postSolution
		SolutionGuid = {122B6406-3B53-4065-846F-B9D44513171B}
	EndGlobalSection
EndGlobal
